
Microsoft Visual Studio Solution File, Format Version 12.00
# Visual Studio 15
VisualStudioVersion = 15.0.28307.779
MinimumVisualStudioVersion = 10.0.40219.1
Project("{2150E333-8FDC-42A3-9474-1A3956D46DE8}") = "C++", "C++", "{2DFB5E66-BEE1-40FD-929F-D09CF9A3EE27}"
EndProject
Project("{8BC9CEB8-8B4A-11D0-8D11-00A0C91BC942}") = "Student_Inheritance", "Student_Inheritance\Student_Inheritance.vcxproj", "{AEC9C0F9-1162-4195-BBA9-D5D938C66317}"
EndProject
Project("{8BC9CEB8-8B4A-11D0-8D11-00A0C91BC942}") = "CoreLib", "CoreLib\CoreLib.vcxproj", "{4E03AB40-7376-49F7-8F1F-52142E2E6090}"
EndProject
Project("{8BC9CEB8-8B4A-11D0-8D11-00A0C91BC942}") = "win", "win\win.vcxproj", "{751908B6-EAC8-4D8B-A6B6-680F0555678D}"
EndProject
Project("{8BC9CEB8-8B4A-11D0-8D11-00A0C91BC942}") = "CBYLib", "CBYLib\CBYLib.vcxproj", "{F33F971E-22B6-46FA-A5EA-FA1D7552F839}"
EndProject
Project("{8BC9CEB8-8B4A-11D0-8D11-00A0C91BC942}") = "sample", "sample\sample.vcxproj", "{90B57975-AE15-4149-8D0C-B1FDE99FD4B9}"
EndProject
Project("{8BC9CEB8-8B4A-11D0-8D11-00A0C91BC942}") = "maskbit", "maskbit\maskbit.vcxproj", "{81F95D42-EE74-4451-A440-7178E9764DAF}"
EndProject
Project("{8BC9CEB8-8B4A-11D0-8D11-00A0C91BC942}") = "xc_Sound", "xc_Sound\xc_Sound.vcxproj", "{50580E05-1871-47CC-9E3D-215E23C299EC}"
EndProject
Project("{8BC9CEB8-8B4A-11D0-8D11-00A0C91BC942}") = "CBY_GameProject", "CBY_GameProject\CBY_GameProject.vcxproj", "{346B5988-525D-4B68-BA8D-215D339480D7}"
EndProject
Project("{2150E333-8FDC-42A3-9474-1A3956D46DE8}") = "DX", "DX", "{F295BFFD-AF82-4DB8-872F-C4201FFF5D7B}"
EndProject
Project("{8BC9CEB8-8B4A-11D0-8D11-00A0C91BC942}") = "C_DXCore", "C_DXCore\C_DXCore.vcxproj", "{2407B63D-D078-4F0D-B416-487BB9D20666}"
EndProject
Project("{8BC9CEB8-8B4A-11D0-8D11-00A0C91BC942}") = "C_CreateDevice_1", "C_CreateDevice_1\C_CreateDevice_1.vcxproj", "{281A3188-188C-4FE4-88D8-B7A2F2B1A945}"
EndProject
Project("{8BC9CEB8-8B4A-11D0-8D11-00A0C91BC942}") = "C_Font_1", "C_Font_1\C_Font_1.vcxproj", "{0681F50F-8F0A-4B70-9F28-88700DAB1E77}"
EndProject
Project("{8BC9CEB8-8B4A-11D0-8D11-00A0C91BC942}") = "C_DXBuffer", "C_DXBuffer\C_DXBuffer.vcxproj", "{B133129A-C99D-47D6-B44F-0CB5A041F48F}"
EndProject
Project("{8BC9CEB8-8B4A-11D0-8D11-00A0C91BC942}") = "CBY_2DGameProject", "CBY_2DGameProject\CBY_2DGameProject.vcxproj", "{A8A30EB0-86DC-446D-859B-7621C4608E9F}"
EndProject
Project("{2150E333-8FDC-42A3-9474-1A3956D46DE8}") = "Netwark", "Netwark", "{A9730161-9415-4B6F-9B5E-9315A6FBCAAD}"
EndProject
Project("{8BC9CEB8-8B4A-11D0-8D11-00A0C91BC942}") = "C_NetClient", "C_NetClient\C_NetClient.vcxproj", "{1C0779F0-336A-492C-BAA3-2CE983638C42}"
EndProject
Project("{8BC9CEB8-8B4A-11D0-8D11-00A0C91BC942}") = "C_NetServer", "C_NetServer\C_NetServer.vcxproj", "{BA8F9A73-E9B6-4BDD-8F3E-8A0BAA9F800B}"
EndProject
Project("{8BC9CEB8-8B4A-11D0-8D11-00A0C91BC942}") = "client", "client\client.vcxproj", "{ABB5C63A-BF16-488F-AE0D-C3828F32C975}"
EndProject
Project("{8BC9CEB8-8B4A-11D0-8D11-00A0C91BC942}") = "C_Client1", "C_Client1\C_Client1.vcxproj", "{DD86F281-95BB-4BEF-A93B-3B4F1A9EA8A6}"
EndProject
Project("{8BC9CEB8-8B4A-11D0-8D11-00A0C91BC942}") = "C_Server1", "C_Server1\C_Server1.vcxproj", "{6D516E12-E7AB-4A62-9D14-ECF8E4E26A8F}"
EndProject
Project("{8BC9CEB8-8B4A-11D0-8D11-00A0C91BC942}") = "C_Server_Thread0", "C_Server_Thread0\C_Server_Thread0.vcxproj", "{AA6196B7-425B-40CF-9CDA-B60578ACC3B5}"
EndProject
Project("{8BC9CEB8-8B4A-11D0-8D11-00A0C91BC942}") = "C_Server_Thread_Protocol0", "C_Server_Thread_Protocol0\C_Server_Thread_Protocol0.vcxproj", "{8EF701F5-5DDF-4C7F-970F-2BF63F033DEB}"
EndProject
Project("{8BC9CEB8-8B4A-11D0-8D11-00A0C91BC942}") = "C_Client_Thread_Protocol0", "C_Client_Thread_Protocol0\C_Client_Thread_Protocol0.vcxproj", "{6D2CAD05-814E-4469-B5E2-D66911BCA218}"
EndProject
Project("{8BC9CEB8-8B4A-11D0-8D11-00A0C91BC942}") = "C_NetLib", "C_NetLib\C_NetLib.vcxproj", "{92FBDA05-3DE6-475F-85BE-844C1548537E}"
EndProject
Project("{8BC9CEB8-8B4A-11D0-8D11-00A0C91BC942}") = "C_LibSever", "C_LibSever\C_LibSever.vcxproj", "{D64B27BA-4913-404E-AC5B-A05DF4F49F89}"
EndProject
Project("{8BC9CEB8-8B4A-11D0-8D11-00A0C91BC942}") = "C_LibClient", "C_LibClient\C_LibClient.vcxproj", "{14B6277F-2438-4778-BCA7-1E9A3A7EF2B5}"
EndProject
Project("{2150E333-8FDC-42A3-9474-1A3956D46DE8}") = "Thread", "Thread", "{EAD9D76D-8685-4E14-BD13-2DB5E16FA04C}"
EndProject
Project("{2150E333-8FDC-42A3-9474-1A3956D46DE8}") = "Nomal", "Nomal", "{E2740360-88B7-4877-AF9C-D4EF711AE0DF}"
EndProject
Project("{2150E333-8FDC-42A3-9474-1A3956D46DE8}") = "Lib Study", "Lib Study", "{0E35FDBA-C81C-47CD-95B0-48FD38538871}"
EndProject
Project("{2150E333-8FDC-42A3-9474-1A3956D46DE8}") = "Window", "Window", "{D604AA2E-DB28-4A73-9BA6-893E9B9E7EDE}"
EndProject
Project("{8BC9CEB8-8B4A-11D0-8D11-00A0C91BC942}") = "C_SeverLib_window", "C_SeverLib_window\C_SeverLib_window.vcxproj", "{E5AB1007-E7F4-4191-9430-5E01098911BD}"
EndProject
Project("{8BC9CEB8-8B4A-11D0-8D11-00A0C91BC942}") = "C_Client_window", "C_Client_window\C_Client_window.vcxproj", "{FEB1A5D8-689C-4248-B41A-3F689F9BC4E4}"
EndProject
Global
	GlobalSection(SolutionConfigurationPlatforms) = preSolution
		Debug|x64 = Debug|x64
		Debug|x86 = Debug|x86
		Release|x64 = Release|x64
		Release|x86 = Release|x86
	EndGlobalSection
	GlobalSection(ProjectConfigurationPlatforms) = postSolution
		{AEC9C0F9-1162-4195-BBA9-D5D938C66317}.Debug|x64.ActiveCfg = Debug|x64
		{AEC9C0F9-1162-4195-BBA9-D5D938C66317}.Debug|x64.Build.0 = Debug|x64
		{AEC9C0F9-1162-4195-BBA9-D5D938C66317}.Debug|x86.ActiveCfg = Debug|Win32
		{AEC9C0F9-1162-4195-BBA9-D5D938C66317}.Debug|x86.Build.0 = Debug|Win32
		{AEC9C0F9-1162-4195-BBA9-D5D938C66317}.Release|x64.ActiveCfg = Release|x64
		{AEC9C0F9-1162-4195-BBA9-D5D938C66317}.Release|x64.Build.0 = Release|x64
		{AEC9C0F9-1162-4195-BBA9-D5D938C66317}.Release|x86.ActiveCfg = Release|Win32
		{AEC9C0F9-1162-4195-BBA9-D5D938C66317}.Release|x86.Build.0 = Release|Win32
		{4E03AB40-7376-49F7-8F1F-52142E2E6090}.Debug|x64.ActiveCfg = Debug|x64
		{4E03AB40-7376-49F7-8F1F-52142E2E6090}.Debug|x64.Build.0 = Debug|x64
		{4E03AB40-7376-49F7-8F1F-52142E2E6090}.Debug|x86.ActiveCfg = Debug|Win32
		{4E03AB40-7376-49F7-8F1F-52142E2E6090}.Debug|x86.Build.0 = Debug|Win32
		{4E03AB40-7376-49F7-8F1F-52142E2E6090}.Release|x64.ActiveCfg = Release|x64
		{4E03AB40-7376-49F7-8F1F-52142E2E6090}.Release|x64.Build.0 = Release|x64
		{4E03AB40-7376-49F7-8F1F-52142E2E6090}.Release|x86.ActiveCfg = Release|Win32
		{4E03AB40-7376-49F7-8F1F-52142E2E6090}.Release|x86.Build.0 = Release|Win32
		{751908B6-EAC8-4D8B-A6B6-680F0555678D}.Debug|x64.ActiveCfg = Debug|x64
		{751908B6-EAC8-4D8B-A6B6-680F0555678D}.Debug|x64.Build.0 = Debug|x64
		{751908B6-EAC8-4D8B-A6B6-680F0555678D}.Debug|x86.ActiveCfg = Debug|Win32
		{751908B6-EAC8-4D8B-A6B6-680F0555678D}.Debug|x86.Build.0 = Debug|Win32
		{751908B6-EAC8-4D8B-A6B6-680F0555678D}.Release|x64.ActiveCfg = Release|x64
		{751908B6-EAC8-4D8B-A6B6-680F0555678D}.Release|x64.Build.0 = Release|x64
		{751908B6-EAC8-4D8B-A6B6-680F0555678D}.Release|x86.ActiveCfg = Release|Win32
		{751908B6-EAC8-4D8B-A6B6-680F0555678D}.Release|x86.Build.0 = Release|Win32
		{F33F971E-22B6-46FA-A5EA-FA1D7552F839}.Debug|x64.ActiveCfg = Debug|x64
		{F33F971E-22B6-46FA-A5EA-FA1D7552F839}.Debug|x64.Build.0 = Debug|x64
		{F33F971E-22B6-46FA-A5EA-FA1D7552F839}.Debug|x86.ActiveCfg = Debug|Win32
		{F33F971E-22B6-46FA-A5EA-FA1D7552F839}.Debug|x86.Build.0 = Debug|Win32
		{F33F971E-22B6-46FA-A5EA-FA1D7552F839}.Release|x64.ActiveCfg = Release|x64
		{F33F971E-22B6-46FA-A5EA-FA1D7552F839}.Release|x64.Build.0 = Release|x64
		{F33F971E-22B6-46FA-A5EA-FA1D7552F839}.Release|x86.ActiveCfg = Release|Win32
		{F33F971E-22B6-46FA-A5EA-FA1D7552F839}.Release|x86.Build.0 = Release|Win32
		{90B57975-AE15-4149-8D0C-B1FDE99FD4B9}.Debug|x64.ActiveCfg = Debug|x64
		{90B57975-AE15-4149-8D0C-B1FDE99FD4B9}.Debug|x64.Build.0 = Debug|x64
		{90B57975-AE15-4149-8D0C-B1FDE99FD4B9}.Debug|x86.ActiveCfg = Debug|Win32
		{90B57975-AE15-4149-8D0C-B1FDE99FD4B9}.Debug|x86.Build.0 = Debug|Win32
		{90B57975-AE15-4149-8D0C-B1FDE99FD4B9}.Release|x64.ActiveCfg = Release|x64
		{90B57975-AE15-4149-8D0C-B1FDE99FD4B9}.Release|x64.Build.0 = Release|x64
		{90B57975-AE15-4149-8D0C-B1FDE99FD4B9}.Release|x86.ActiveCfg = Release|Win32
		{90B57975-AE15-4149-8D0C-B1FDE99FD4B9}.Release|x86.Build.0 = Release|Win32
		{81F95D42-EE74-4451-A440-7178E9764DAF}.Debug|x64.ActiveCfg = Debug|x64
		{81F95D42-EE74-4451-A440-7178E9764DAF}.Debug|x64.Build.0 = Debug|x64
		{81F95D42-EE74-4451-A440-7178E9764DAF}.Debug|x86.ActiveCfg = Debug|Win32
		{81F95D42-EE74-4451-A440-7178E9764DAF}.Debug|x86.Build.0 = Debug|Win32
		{81F95D42-EE74-4451-A440-7178E9764DAF}.Release|x64.ActiveCfg = Release|x64
		{81F95D42-EE74-4451-A440-7178E9764DAF}.Release|x64.Build.0 = Release|x64
		{81F95D42-EE74-4451-A440-7178E9764DAF}.Release|x86.ActiveCfg = Release|Win32
		{81F95D42-EE74-4451-A440-7178E9764DAF}.Release|x86.Build.0 = Release|Win32
		{50580E05-1871-47CC-9E3D-215E23C299EC}.Debug|x64.ActiveCfg = Debug|x64
		{50580E05-1871-47CC-9E3D-215E23C299EC}.Debug|x64.Build.0 = Debug|x64
		{50580E05-1871-47CC-9E3D-215E23C299EC}.Debug|x86.ActiveCfg = Debug|Win32
		{50580E05-1871-47CC-9E3D-215E23C299EC}.Debug|x86.Build.0 = Debug|Win32
		{50580E05-1871-47CC-9E3D-215E23C299EC}.Release|x64.ActiveCfg = Release|x64
		{50580E05-1871-47CC-9E3D-215E23C299EC}.Release|x64.Build.0 = Release|x64
		{50580E05-1871-47CC-9E3D-215E23C299EC}.Release|x86.ActiveCfg = Release|Win32
		{50580E05-1871-47CC-9E3D-215E23C299EC}.Release|x86.Build.0 = Release|Win32
		{346B5988-525D-4B68-BA8D-215D339480D7}.Debug|x64.ActiveCfg = Debug|x64
		{346B5988-525D-4B68-BA8D-215D339480D7}.Debug|x64.Build.0 = Debug|x64
		{346B5988-525D-4B68-BA8D-215D339480D7}.Debug|x86.ActiveCfg = Debug|Win32
		{346B5988-525D-4B68-BA8D-215D339480D7}.Debug|x86.Build.0 = Debug|Win32
		{346B5988-525D-4B68-BA8D-215D339480D7}.Release|x64.ActiveCfg = Release|x64
		{346B5988-525D-4B68-BA8D-215D339480D7}.Release|x64.Build.0 = Release|x64
		{346B5988-525D-4B68-BA8D-215D339480D7}.Release|x86.ActiveCfg = Release|Win32
		{346B5988-525D-4B68-BA8D-215D339480D7}.Release|x86.Build.0 = Release|Win32
		{2407B63D-D078-4F0D-B416-487BB9D20666}.Debug|x64.ActiveCfg = Debug|x64
		{2407B63D-D078-4F0D-B416-487BB9D20666}.Debug|x64.Build.0 = Debug|x64
		{2407B63D-D078-4F0D-B416-487BB9D20666}.Debug|x86.ActiveCfg = Debug|Win32
		{2407B63D-D078-4F0D-B416-487BB9D20666}.Debug|x86.Build.0 = Debug|Win32
		{2407B63D-D078-4F0D-B416-487BB9D20666}.Release|x64.ActiveCfg = Release|x64
		{2407B63D-D078-4F0D-B416-487BB9D20666}.Release|x64.Build.0 = Release|x64
		{2407B63D-D078-4F0D-B416-487BB9D20666}.Release|x86.ActiveCfg = Release|Win32
		{2407B63D-D078-4F0D-B416-487BB9D20666}.Release|x86.Build.0 = Release|Win32
		{281A3188-188C-4FE4-88D8-B7A2F2B1A945}.Debug|x64.ActiveCfg = Debug|x64
		{281A3188-188C-4FE4-88D8-B7A2F2B1A945}.Debug|x64.Build.0 = Debug|x64
		{281A3188-188C-4FE4-88D8-B7A2F2B1A945}.Debug|x86.ActiveCfg = Debug|Win32
		{281A3188-188C-4FE4-88D8-B7A2F2B1A945}.Debug|x86.Build.0 = Debug|Win32
		{281A3188-188C-4FE4-88D8-B7A2F2B1A945}.Release|x64.ActiveCfg = Release|x64
		{281A3188-188C-4FE4-88D8-B7A2F2B1A945}.Release|x64.Build.0 = Release|x64
		{281A3188-188C-4FE4-88D8-B7A2F2B1A945}.Release|x86.ActiveCfg = Release|Win32
		{281A3188-188C-4FE4-88D8-B7A2F2B1A945}.Release|x86.Build.0 = Release|Win32
		{0681F50F-8F0A-4B70-9F28-88700DAB1E77}.Debug|x64.ActiveCfg = Debug|x64
		{0681F50F-8F0A-4B70-9F28-88700DAB1E77}.Debug|x64.Build.0 = Debug|x64
		{0681F50F-8F0A-4B70-9F28-88700DAB1E77}.Debug|x86.ActiveCfg = Debug|Win32
		{0681F50F-8F0A-4B70-9F28-88700DAB1E77}.Debug|x86.Build.0 = Debug|Win32
		{0681F50F-8F0A-4B70-9F28-88700DAB1E77}.Release|x64.ActiveCfg = Release|x64
		{0681F50F-8F0A-4B70-9F28-88700DAB1E77}.Release|x64.Build.0 = Release|x64
		{0681F50F-8F0A-4B70-9F28-88700DAB1E77}.Release|x86.ActiveCfg = Release|Win32
		{0681F50F-8F0A-4B70-9F28-88700DAB1E77}.Release|x86.Build.0 = Release|Win32
		{B133129A-C99D-47D6-B44F-0CB5A041F48F}.Debug|x64.ActiveCfg = Debug|x64
		{B133129A-C99D-47D6-B44F-0CB5A041F48F}.Debug|x64.Build.0 = Debug|x64
		{B133129A-C99D-47D6-B44F-0CB5A041F48F}.Debug|x86.ActiveCfg = Debug|Win32
		{B133129A-C99D-47D6-B44F-0CB5A041F48F}.Debug|x86.Build.0 = Debug|Win32
		{B133129A-C99D-47D6-B44F-0CB5A041F48F}.Release|x64.ActiveCfg = Release|x64
		{B133129A-C99D-47D6-B44F-0CB5A041F48F}.Release|x64.Build.0 = Release|x64
		{B133129A-C99D-47D6-B44F-0CB5A041F48F}.Release|x86.ActiveCfg = Release|Win32
		{B133129A-C99D-47D6-B44F-0CB5A041F48F}.Release|x86.Build.0 = Release|Win32
		{A8A30EB0-86DC-446D-859B-7621C4608E9F}.Debug|x64.ActiveCfg = Debug|x64
		{A8A30EB0-86DC-446D-859B-7621C4608E9F}.Debug|x64.Build.0 = Debug|x64
		{A8A30EB0-86DC-446D-859B-7621C4608E9F}.Debug|x86.ActiveCfg = Debug|Win32
		{A8A30EB0-86DC-446D-859B-7621C4608E9F}.Debug|x86.Build.0 = Debug|Win32
		{A8A30EB0-86DC-446D-859B-7621C4608E9F}.Release|x64.ActiveCfg = Release|x64
		{A8A30EB0-86DC-446D-859B-7621C4608E9F}.Release|x64.Build.0 = Release|x64
		{A8A30EB0-86DC-446D-859B-7621C4608E9F}.Release|x86.ActiveCfg = Release|Win32
		{A8A30EB0-86DC-446D-859B-7621C4608E9F}.Release|x86.Build.0 = Release|Win32
		{1C0779F0-336A-492C-BAA3-2CE983638C42}.Debug|x64.ActiveCfg = Debug|x64
		{1C0779F0-336A-492C-BAA3-2CE983638C42}.Debug|x64.Build.0 = Debug|x64
		{1C0779F0-336A-492C-BAA3-2CE983638C42}.Debug|x86.ActiveCfg = Debug|Win32
		{1C0779F0-336A-492C-BAA3-2CE983638C42}.Debug|x86.Build.0 = Debug|Win32
		{1C0779F0-336A-492C-BAA3-2CE983638C42}.Release|x64.ActiveCfg = Release|x64
		{1C0779F0-336A-492C-BAA3-2CE983638C42}.Release|x64.Build.0 = Release|x64
		{1C0779F0-336A-492C-BAA3-2CE983638C42}.Release|x86.ActiveCfg = Release|Win32
		{1C0779F0-336A-492C-BAA3-2CE983638C42}.Release|x86.Build.0 = Release|Win32
		{BA8F9A73-E9B6-4BDD-8F3E-8A0BAA9F800B}.Debug|x64.ActiveCfg = Debug|x64
		{BA8F9A73-E9B6-4BDD-8F3E-8A0BAA9F800B}.Debug|x64.Build.0 = Debug|x64
		{BA8F9A73-E9B6-4BDD-8F3E-8A0BAA9F800B}.Debug|x86.ActiveCfg = Debug|Win32
		{BA8F9A73-E9B6-4BDD-8F3E-8A0BAA9F800B}.Debug|x86.Build.0 = Debug|Win32
		{BA8F9A73-E9B6-4BDD-8F3E-8A0BAA9F800B}.Release|x64.ActiveCfg = Release|x64
		{BA8F9A73-E9B6-4BDD-8F3E-8A0BAA9F800B}.Release|x64.Build.0 = Release|x64
		{BA8F9A73-E9B6-4BDD-8F3E-8A0BAA9F800B}.Release|x86.ActiveCfg = Release|Win32
		{BA8F9A73-E9B6-4BDD-8F3E-8A0BAA9F800B}.Release|x86.Build.0 = Release|Win32
		{ABB5C63A-BF16-488F-AE0D-C3828F32C975}.Debug|x64.ActiveCfg = Debug|x64
		{ABB5C63A-BF16-488F-AE0D-C3828F32C975}.Debug|x64.Build.0 = Debug|x64
		{ABB5C63A-BF16-488F-AE0D-C3828F32C975}.Debug|x86.ActiveCfg = Debug|Win32
		{ABB5C63A-BF16-488F-AE0D-C3828F32C975}.Debug|x86.Build.0 = Debug|Win32
		{ABB5C63A-BF16-488F-AE0D-C3828F32C975}.Release|x64.ActiveCfg = Release|x64
		{ABB5C63A-BF16-488F-AE0D-C3828F32C975}.Release|x64.Build.0 = Release|x64
		{ABB5C63A-BF16-488F-AE0D-C3828F32C975}.Release|x86.ActiveCfg = Release|Win32
		{ABB5C63A-BF16-488F-AE0D-C3828F32C975}.Release|x86.Build.0 = Release|Win32
		{DD86F281-95BB-4BEF-A93B-3B4F1A9EA8A6}.Debug|x64.ActiveCfg = Debug|x64
		{DD86F281-95BB-4BEF-A93B-3B4F1A9EA8A6}.Debug|x64.Build.0 = Debug|x64
		{DD86F281-95BB-4BEF-A93B-3B4F1A9EA8A6}.Debug|x86.ActiveCfg = Debug|Win32
		{DD86F281-95BB-4BEF-A93B-3B4F1A9EA8A6}.Debug|x86.Build.0 = Debug|Win32
		{DD86F281-95BB-4BEF-A93B-3B4F1A9EA8A6}.Release|x64.ActiveCfg = Release|x64
		{DD86F281-95BB-4BEF-A93B-3B4F1A9EA8A6}.Release|x64.Build.0 = Release|x64
		{DD86F281-95BB-4BEF-A93B-3B4F1A9EA8A6}.Release|x86.ActiveCfg = Release|Win32
		{DD86F281-95BB-4BEF-A93B-3B4F1A9EA8A6}.Release|x86.Build.0 = Release|Win32
		{6D516E12-E7AB-4A62-9D14-ECF8E4E26A8F}.Debug|x64.ActiveCfg = Debug|x64
		{6D516E12-E7AB-4A62-9D14-ECF8E4E26A8F}.Debug|x64.Build.0 = Debug|x64
		{6D516E12-E7AB-4A62-9D14-ECF8E4E26A8F}.Debug|x86.ActiveCfg = Debug|Win32
		{6D516E12-E7AB-4A62-9D14-ECF8E4E26A8F}.Debug|x86.Build.0 = Debug|Win32
		{6D516E12-E7AB-4A62-9D14-ECF8E4E26A8F}.Release|x64.ActiveCfg = Release|x64
		{6D516E12-E7AB-4A62-9D14-ECF8E4E26A8F}.Release|x64.Build.0 = Release|x64
		{6D516E12-E7AB-4A62-9D14-ECF8E4E26A8F}.Release|x86.ActiveCfg = Release|Win32
		{6D516E12-E7AB-4A62-9D14-ECF8E4E26A8F}.Release|x86.Build.0 = Release|Win32
		{AA6196B7-425B-40CF-9CDA-B60578ACC3B5}.Debug|x64.ActiveCfg = Debug|x64
		{AA6196B7-425B-40CF-9CDA-B60578ACC3B5}.Debug|x64.Build.0 = Debug|x64
		{AA6196B7-425B-40CF-9CDA-B60578ACC3B5}.Debug|x86.ActiveCfg = Debug|Win32
		{AA6196B7-425B-40CF-9CDA-B60578ACC3B5}.Debug|x86.Build.0 = Debug|Win32
		{AA6196B7-425B-40CF-9CDA-B60578ACC3B5}.Release|x64.ActiveCfg = Release|x64
		{AA6196B7-425B-40CF-9CDA-B60578ACC3B5}.Release|x64.Build.0 = Release|x64
		{AA6196B7-425B-40CF-9CDA-B60578ACC3B5}.Release|x86.ActiveCfg = Release|Win32
		{AA6196B7-425B-40CF-9CDA-B60578ACC3B5}.Release|x86.Build.0 = Release|Win32
		{8EF701F5-5DDF-4C7F-970F-2BF63F033DEB}.Debug|x64.ActiveCfg = Debug|x64
		{8EF701F5-5DDF-4C7F-970F-2BF63F033DEB}.Debug|x64.Build.0 = Debug|x64
		{8EF701F5-5DDF-4C7F-970F-2BF63F033DEB}.Debug|x86.ActiveCfg = Debug|Win32
		{8EF701F5-5DDF-4C7F-970F-2BF63F033DEB}.Debug|x86.Build.0 = Debug|Win32
		{8EF701F5-5DDF-4C7F-970F-2BF63F033DEB}.Release|x64.ActiveCfg = Release|x64
		{8EF701F5-5DDF-4C7F-970F-2BF63F033DEB}.Release|x64.Build.0 = Release|x64
		{8EF701F5-5DDF-4C7F-970F-2BF63F033DEB}.Release|x86.ActiveCfg = Release|Win32
		{8EF701F5-5DDF-4C7F-970F-2BF63F033DEB}.Release|x86.Build.0 = Release|Win32
		{6D2CAD05-814E-4469-B5E2-D66911BCA218}.Debug|x64.ActiveCfg = Debug|x64
		{6D2CAD05-814E-4469-B5E2-D66911BCA218}.Debug|x64.Build.0 = Debug|x64
		{6D2CAD05-814E-4469-B5E2-D66911BCA218}.Debug|x86.ActiveCfg = Debug|Win32
		{6D2CAD05-814E-4469-B5E2-D66911BCA218}.Debug|x86.Build.0 = Debug|Win32
		{6D2CAD05-814E-4469-B5E2-D66911BCA218}.Release|x64.ActiveCfg = Release|x64
		{6D2CAD05-814E-4469-B5E2-D66911BCA218}.Release|x64.Build.0 = Release|x64
		{6D2CAD05-814E-4469-B5E2-D66911BCA218}.Release|x86.ActiveCfg = Release|Win32
		{6D2CAD05-814E-4469-B5E2-D66911BCA218}.Release|x86.Build.0 = Release|Win32
		{92FBDA05-3DE6-475F-85BE-844C1548537E}.Debug|x64.ActiveCfg = Debug|x64
		{92FBDA05-3DE6-475F-85BE-844C1548537E}.Debug|x64.Build.0 = Debug|x64
		{92FBDA05-3DE6-475F-85BE-844C1548537E}.Debug|x86.ActiveCfg = Debug|Win32
		{92FBDA05-3DE6-475F-85BE-844C1548537E}.Debug|x86.Build.0 = Debug|Win32
		{92FBDA05-3DE6-475F-85BE-844C1548537E}.Release|x64.ActiveCfg = Release|x64
		{92FBDA05-3DE6-475F-85BE-844C1548537E}.Release|x64.Build.0 = Release|x64
		{92FBDA05-3DE6-475F-85BE-844C1548537E}.Release|x86.ActiveCfg = Release|Win32
		{92FBDA05-3DE6-475F-85BE-844C1548537E}.Release|x86.Build.0 = Release|Win32
		{D64B27BA-4913-404E-AC5B-A05DF4F49F89}.Debug|x64.ActiveCfg = Debug|x64
		{D64B27BA-4913-404E-AC5B-A05DF4F49F89}.Debug|x64.Build.0 = Debug|x64
		{D64B27BA-4913-404E-AC5B-A05DF4F49F89}.Debug|x86.ActiveCfg = Debug|Win32
		{D64B27BA-4913-404E-AC5B-A05DF4F49F89}.Debug|x86.Build.0 = Debug|Win32
		{D64B27BA-4913-404E-AC5B-A05DF4F49F89}.Release|x64.ActiveCfg = Release|x64
		{D64B27BA-4913-404E-AC5B-A05DF4F49F89}.Release|x64.Build.0 = Release|x64
		{D64B27BA-4913-404E-AC5B-A05DF4F49F89}.Release|x86.ActiveCfg = Release|Win32
		{D64B27BA-4913-404E-AC5B-A05DF4F49F89}.Release|x86.Build.0 = Release|Win32
		{14B6277F-2438-4778-BCA7-1E9A3A7EF2B5}.Debug|x64.ActiveCfg = Debug|x64
		{14B6277F-2438-4778-BCA7-1E9A3A7EF2B5}.Debug|x64.Build.0 = Debug|x64
		{14B6277F-2438-4778-BCA7-1E9A3A7EF2B5}.Debug|x86.ActiveCfg = Debug|Win32
		{14B6277F-2438-4778-BCA7-1E9A3A7EF2B5}.Debug|x86.Build.0 = Debug|Win32
		{14B6277F-2438-4778-BCA7-1E9A3A7EF2B5}.Release|x64.ActiveCfg = Release|x64
		{14B6277F-2438-4778-BCA7-1E9A3A7EF2B5}.Release|x64.Build.0 = Release|x64
		{14B6277F-2438-4778-BCA7-1E9A3A7EF2B5}.Release|x86.ActiveCfg = Release|Win32
		{14B6277F-2438-4778-BCA7-1E9A3A7EF2B5}.Release|x86.Build.0 = Release|Win32
		{E5AB1007-E7F4-4191-9430-5E01098911BD}.Debug|x64.ActiveCfg = Debug|x64
		{E5AB1007-E7F4-4191-9430-5E01098911BD}.Debug|x64.Build.0 = Debug|x64
		{E5AB1007-E7F4-4191-9430-5E01098911BD}.Debug|x86.ActiveCfg = Debug|Win32
		{E5AB1007-E7F4-4191-9430-5E01098911BD}.Debug|x86.Build.0 = Debug|Win32
		{E5AB1007-E7F4-4191-9430-5E01098911BD}.Release|x64.ActiveCfg = Release|x64
		{E5AB1007-E7F4-4191-9430-5E01098911BD}.Release|x64.Build.0 = Release|x64
		{E5AB1007-E7F4-4191-9430-5E01098911BD}.Release|x86.ActiveCfg = Release|Win32
		{E5AB1007-E7F4-4191-9430-5E01098911BD}.Release|x86.Build.0 = Release|Win32
		{FEB1A5D8-689C-4248-B41A-3F689F9BC4E4}.Debug|x64.ActiveCfg = Debug|x64
		{FEB1A5D8-689C-4248-B41A-3F689F9BC4E4}.Debug|x64.Build.0 = Debug|x64
		{FEB1A5D8-689C-4248-B41A-3F689F9BC4E4}.Debug|x86.ActiveCfg = Debug|Win32
		{FEB1A5D8-689C-4248-B41A-3F689F9BC4E4}.Debug|x86.Build.0 = Debug|Win32
		{FEB1A5D8-689C-4248-B41A-3F689F9BC4E4}.Release|x64.ActiveCfg = Release|x64
		{FEB1A5D8-689C-4248-B41A-3F689F9BC4E4}.Release|x64.Build.0 = Release|x64
		{FEB1A5D8-689C-4248-B41A-3F689F9BC4E4}.Release|x86.ActiveCfg = Release|Win32
		{FEB1A5D8-689C-4248-B41A-3F689F9BC4E4}.Release|x86.Build.0 = Release|Win32
	EndGlobalSection
	GlobalSection(SolutionProperties) = preSolution
		HideSolutionNode = FALSE
	EndGlobalSection
	GlobalSection(NestedProjects) = preSolution
		{AEC9C0F9-1162-4195-BBA9-D5D938C66317} = {2DFB5E66-BEE1-40FD-929F-D09CF9A3EE27}
		{4E03AB40-7376-49F7-8F1F-52142E2E6090} = {2DFB5E66-BEE1-40FD-929F-D09CF9A3EE27}
		{751908B6-EAC8-4D8B-A6B6-680F0555678D} = {2DFB5E66-BEE1-40FD-929F-D09CF9A3EE27}
		{F33F971E-22B6-46FA-A5EA-FA1D7552F839} = {2DFB5E66-BEE1-40FD-929F-D09CF9A3EE27}
		{90B57975-AE15-4149-8D0C-B1FDE99FD4B9} = {2DFB5E66-BEE1-40FD-929F-D09CF9A3EE27}
		{81F95D42-EE74-4451-A440-7178E9764DAF} = {2DFB5E66-BEE1-40FD-929F-D09CF9A3EE27}
		{50580E05-1871-47CC-9E3D-215E23C299EC} = {2DFB5E66-BEE1-40FD-929F-D09CF9A3EE27}
		{346B5988-525D-4B68-BA8D-215D339480D7} = {2DFB5E66-BEE1-40FD-929F-D09CF9A3EE27}
		{2407B63D-D078-4F0D-B416-487BB9D20666} = {F295BFFD-AF82-4DB8-872F-C4201FFF5D7B}
		{281A3188-188C-4FE4-88D8-B7A2F2B1A945} = {F295BFFD-AF82-4DB8-872F-C4201FFF5D7B}
		{0681F50F-8F0A-4B70-9F28-88700DAB1E77} = {F295BFFD-AF82-4DB8-872F-C4201FFF5D7B}
		{B133129A-C99D-47D6-B44F-0CB5A041F48F} = {F295BFFD-AF82-4DB8-872F-C4201FFF5D7B}
		{A8A30EB0-86DC-446D-859B-7621C4608E9F} = {F295BFFD-AF82-4DB8-872F-C4201FFF5D7B}
		{1C0779F0-336A-492C-BAA3-2CE983638C42} = {E2740360-88B7-4877-AF9C-D4EF711AE0DF}
		{BA8F9A73-E9B6-4BDD-8F3E-8A0BAA9F800B} = {E2740360-88B7-4877-AF9C-D4EF711AE0DF}
		{ABB5C63A-BF16-488F-AE0D-C3828F32C975} = {A9730161-9415-4B6F-9B5E-9315A6FBCAAD}
		{DD86F281-95BB-4BEF-A93B-3B4F1A9EA8A6} = {E2740360-88B7-4877-AF9C-D4EF711AE0DF}
		{6D516E12-E7AB-4A62-9D14-ECF8E4E26A8F} = {E2740360-88B7-4877-AF9C-D4EF711AE0DF}
		{AA6196B7-425B-40CF-9CDA-B60578ACC3B5} = {EAD9D76D-8685-4E14-BD13-2DB5E16FA04C}
		{8EF701F5-5DDF-4C7F-970F-2BF63F033DEB} = {EAD9D76D-8685-4E14-BD13-2DB5E16FA04C}
		{6D2CAD05-814E-4469-B5E2-D66911BCA218} = {EAD9D76D-8685-4E14-BD13-2DB5E16FA04C}
		{92FBDA05-3DE6-475F-85BE-844C1548537E} = {0E35FDBA-C81C-47CD-95B0-48FD38538871}
		{D64B27BA-4913-404E-AC5B-A05DF4F49F89} = {0E35FDBA-C81C-47CD-95B0-48FD38538871}
		{14B6277F-2438-4778-BCA7-1E9A3A7EF2B5} = {0E35FDBA-C81C-47CD-95B0-48FD38538871}
		{EAD9D76D-8685-4E14-BD13-2DB5E16FA04C} = {A9730161-9415-4B6F-9B5E-9315A6FBCAAD}
		{E2740360-88B7-4877-AF9C-D4EF711AE0DF} = {A9730161-9415-4B6F-9B5E-9315A6FBCAAD}
		{0E35FDBA-C81C-47CD-95B0-48FD38538871} = {A9730161-9415-4B6F-9B5E-9315A6FBCAAD}
		{D604AA2E-DB28-4A73-9BA6-893E9B9E7EDE} = {A9730161-9415-4B6F-9B5E-9315A6FBCAAD}
		{E5AB1007-E7F4-4191-9430-5E01098911BD} = {D604AA2E-DB28-4A73-9BA6-893E9B9E7EDE}
		{FEB1A5D8-689C-4248-B41A-3F689F9BC4E4} = {A9730161-9415-4B6F-9B5E-9315A6FBCAAD}
	EndGlobalSection
	GlobalSection(ExtensibilityGlobals) = postSolution
		SolutionGuid = {C85A1DC7-4E52-4604-93F1-267F1E895FC8}
	EndGlobalSection
EndGlobal
