<?xml version="1.0" encoding="utf-8"?>
<Project ToolsVersion="4.0" xmlns="http://schemas.microsoft.com/developer/msbuild/2003">
  <ItemGroup>
    <Filter Include="소스 파일">
      <UniqueIdentifier>{4FC737F1-C7A5-4376-A066-2A32D752A2FF}</UniqueIdentifier>
      <Extensions>cpp;c;cc;cxx;def;odl;idl;hpj;bat;asm;asmx</Extensions>
    </Filter>
    <Filter Include="헤더 파일">
      <UniqueIdentifier>{93995380-89BD-4b04-88EB-625FBE52EBFB}</UniqueIdentifier>
      <Extensions>h;hh;hpp;hxx;hm;inl;inc;ipp;xsd</Extensions>
    </Filter>
    <Filter Include="리소스 파일">
      <UniqueIdentifier>{67DA6AB6-F800-4c08-8B7A-83BB121AAD01}</UniqueIdentifier>
      <Extensions>rc;ico;cur;bmp;dlg;rc2;rct;bin;rgs;gif;jpg;jpeg;jpe;resx;tiff;tif;png;wav;mfcribbon-ms</Extensions>
    </Filter>
    <Filter Include="소스 파일\object">
      <UniqueIdentifier>{5863b88e-c86a-42ed-8c11-2cd654d0449b}</UniqueIdentifier>
    </Filter>
    <Filter Include="헤더 파일\object">
      <UniqueIdentifier>{4fcd2ea3-5fe1-4965-94f3-c3393fe043f2}</UniqueIdentifier>
    </Filter>
  </ItemGroup>
  <ItemGroup>
    <ClCompile Include="CBYCore.cpp">
      <Filter>소스 파일</Filter>
    </ClCompile>
    <ClCompile Include="CBYLinkList.cpp">
      <Filter>소스 파일</Filter>
    </ClCompile>
    <ClCompile Include="CBYNode.cpp">
      <Filter>소스 파일</Filter>
    </ClCompile>
    <ClCompile Include="CBYWindow.cpp">
      <Filter>소스 파일</Filter>
    </ClCompile>
    <ClCompile Include="CTime.cpp">
      <Filter>소스 파일</Filter>
    </ClCompile>
    <ClCompile Include="CBY_Input.cpp">
      <Filter>소스 파일</Filter>
    </ClCompile>
    <ClCompile Include="C_BitMapManager.cpp">
      <Filter>소스 파일</Filter>
    </ClCompile>
    <ClCompile Include="BackGround.cpp">
      <Filter>소스 파일\object</Filter>
    </ClCompile>
    <ClCompile Include="C_Actor.cpp">
      <Filter>소스 파일\object</Filter>
    </ClCompile>
    <ClCompile Include="C_Object.cpp">
      <Filter>소스 파일\object</Filter>
    </ClCompile>
    <ClCompile Include="Char.cpp">
      <Filter>소스 파일\object</Filter>
    </ClCompile>
    <ClCompile Include="Effect.cpp">
      <Filter>소스 파일\object</Filter>
    </ClCompile>
    <ClCompile Include="Health.cpp">
      <Filter>소스 파일\object</Filter>
    </ClCompile>
    <ClCompile Include="Monster.cpp">
      <Filter>소스 파일\object</Filter>
    </ClCompile>
    <ClCompile Include="Weapon.cpp">
      <Filter>소스 파일\object</Filter>
    </ClCompile>
    <ClCompile Include="C_BitMap.cpp">
      <Filter>소스 파일</Filter>
    </ClCompile>
    <ClCompile Include="C_Intersection.cpp">
      <Filter>소스 파일</Filter>
    </ClCompile>
    <ClCompile Include="C_SoundManager.cpp">
      <Filter>소스 파일</Filter>
    </ClCompile>
    <ClCompile Include="C_Sound.cpp">
      <Filter>소스 파일</Filter>
    </ClCompile>
  </ItemGroup>
  <ItemGroup>
    <ClInclude Include="CBYCore.h">
      <Filter>헤더 파일</Filter>
    </ClInclude>
    <ClInclude Include="CBYLinkList.h">
      <Filter>헤더 파일</Filter>
    </ClInclude>
    <ClInclude Include="CBYNode.h">
      <Filter>헤더 파일</Filter>
    </ClInclude>
    <ClInclude Include="CBYWindow.h">
      <Filter>헤더 파일</Filter>
    </ClInclude>
    <ClInclude Include="Cstd.h">
      <Filter>헤더 파일</Filter>
    </ClInclude>
    <ClInclude Include="SmapleStu.h">
      <Filter>헤더 파일</Filter>
    </ClInclude>
    <ClInclude Include="CTime.h">
      <Filter>헤더 파일</Filter>
    </ClInclude>
    <ClInclude Include="CBY_Input.h">
      <Filter>헤더 파일</Filter>
    </ClInclude>
    <ClInclude Include="C_BitMapManager.h">
      <Filter>헤더 파일</Filter>
    </ClInclude>
    <ClInclude Include="CStd_ex.h">
      <Filter>헤더 파일</Filter>
    </ClInclude>
    <ClInclude Include="BackGround.h">
      <Filter>헤더 파일\object</Filter>
    </ClInclude>
    <ClInclude Include="C_Actor.h">
      <Filter>헤더 파일\object</Filter>
    </ClInclude>
    <ClInclude Include="C_Object.h">
      <Filter>헤더 파일\object</Filter>
    </ClInclude>
    <ClInclude Include="Char.h">
      <Filter>헤더 파일\object</Filter>
    </ClInclude>
    <ClInclude Include="Effect.h">
      <Filter>헤더 파일\object</Filter>
    </ClInclude>
    <ClInclude Include="Health.h">
      <Filter>헤더 파일\object</Filter>
    </ClInclude>
    <ClInclude Include="Monster.h">
      <Filter>헤더 파일\object</Filter>
    </ClInclude>
    <ClInclude Include="Weapon.h">
      <Filter>헤더 파일\object</Filter>
    </ClInclude>
    <ClInclude Include="C_BitMap.h">
      <Filter>헤더 파일</Filter>
    </ClInclude>
    <ClInclude Include="C_Intersection.h">
      <Filter>헤더 파일</Filter>
    </ClInclude>
    <ClInclude Include="C_Sound.h">
      <Filter>헤더 파일</Filter>
    </ClInclude>
    <ClInclude Include="C_SoundManager.h">
      <Filter>헤더 파일</Filter>
    </ClInclude>
  </ItemGroup>
</Project>